{
    "name": "@yakad/x",
    "version": "1.0.83-beta",
    "lockfileVersion": 3,
    "requires": true,
    "packages": {
        "": {
            "name": "@yakad/x",
            "version": "1.0.83-beta",
            "license": "MIT",
            "dependencies": {
                "@yakad/lib": "1.0.8",
                "@yakad/symbols": "1.0.4",
                "@yakad/ui": "1.2.164-beta",
                "react": "18.3.1",
                "react-router-dom": "6.23.1"
            },
            "devDependencies": {
                "@types/react": "18.3.3",
                "@types/react-dom": "18.3.0",
                "typescript": "5.4.5"
            }
        },
        "node_modules/@remix-run/router": {
            "version": "1.16.1",
            "resolved": "https://registry.npmjs.org/@remix-run/router/-/router-1.16.1.tgz",
            "integrity": "sha512-es2g3dq6Nb07iFxGk5GuHN20RwBZOsuDQN7izWIisUcv9r+d2C5jQxqmgkdebXgReWfiyUabcki6Fg77mSNrig==",
            "license": "MIT",
            "engines": {
                "node": ">=14.0.0"
            }
        },
        "node_modules/@types/prop-types": {
            "version": "15.7.5",
            "resolved": "https://registry.npmjs.org/@types/prop-types/-/prop-types-15.7.5.tgz",
            "integrity": "sha512-JCB8C6SnDoQf0cNycqd/35A7MjcnK+ZTqE7judS6o7utxUCg6imJg3QK2qzHKszlTjcj2cn+NwMB2i96ubpj7w==",
            "dev": true
        },
        "node_modules/@types/react": {
            "version": "18.3.3",
            "resolved": "https://registry.npmjs.org/@types/react/-/react-18.3.3.tgz",
            "integrity": "sha512-hti/R0pS0q1/xx+TsI73XIqk26eBsISZ2R0wUijXIngRK9R/e7Xw/cXVxQK7R5JjW+SV4zGcn5hXjudkN/pLIw==",
            "dev": true,
            "license": "MIT",
            "dependencies": {
                "@types/prop-types": "*",
                "csstype": "^3.0.2"
            }
        },
        "node_modules/@types/react-dom": {
            "version": "18.3.0",
            "resolved": "https://registry.npmjs.org/@types/react-dom/-/react-dom-18.3.0.tgz",
            "integrity": "sha512-EhwApuTmMBmXuFOikhQLIBUn6uFg81SwLMOAUgodJF14SOBOCMdU04gDoYi0WOJJHD144TL32z4yDqCW3dnkQg==",
            "dev": true,
            "license": "MIT",
            "dependencies": {
                "@types/react": "*"
            }
        },
        "node_modules/@yakad/lib": {
            "version": "1.0.8",
            "resolved": "https://registry.npmjs.org/@yakad/lib/-/lib-1.0.8.tgz",
            "integrity": "sha512-s0CdPePshnFMLLUuivP72Q/NCkxfoTUSih7lo5/ymjUtDrDK9JmXqvrWl5dvdiUw323W2vUojpuHM19FKskiiA==",
            "dependencies": {
                "react": "18.3.1"
            }
        },
        "node_modules/@yakad/symbols": {
            "version": "1.0.4",
            "resolved": "https://registry.npmjs.org/@yakad/symbols/-/symbols-1.0.4.tgz",
            "integrity": "sha512-mzOo+Y65mhHTO1Bh2q9mYCj3GK3xCYv/b0d3g6gjPl2vKoS/XTt9TeKQ0WhB5RFp6XN1jo3JgUI8nfiqU59yVA==",
            "dependencies": {
                "@yakad/lib": "1.0.5",
                "react": "18.2.0",
                "typescript": "4.8.4"
            }
        },
        "node_modules/@yakad/symbols/node_modules/@yakad/lib": {
            "version": "1.0.5",
            "resolved": "https://registry.npmjs.org/@yakad/lib/-/lib-1.0.5.tgz",
            "integrity": "sha512-AZ0mpEmrRDrfAx/GsH/+1VYvhBuez4MCM6m6pKhe5C/UGIeUCH5TwG3CAzedTwqYLay1MpP2JNqF8dFaFtlS2A==",
            "dependencies": {
                "typescript": "^4.8.4"
            }
        },
        "node_modules/@yakad/symbols/node_modules/react": {
            "version": "18.2.0",
            "resolved": "https://registry.npmjs.org/react/-/react-18.2.0.tgz",
            "integrity": "sha512-/3IjMdb2L9QbBdWiW5e3P2/npwMBaU9mHCSCUzNln0ZCYbcfTsGbTJrU/kGemdH2IWmB2ioZ+zkxtmq6g09fGQ==",
            "license": "MIT",
            "dependencies": {
                "loose-envify": "^1.1.0"
            },
            "engines": {
                "node": ">=0.10.0"
            }
        },
        "node_modules/@yakad/symbols/node_modules/typescript": {
            "version": "4.8.4",
            "resolved": "https://registry.npmjs.org/typescript/-/typescript-4.8.4.tgz",
            "integrity": "sha512-QCh+85mCy+h0IGff8r5XWzOVSbBO+KfeYrMQh7NJ58QujwcE22u+NUSmUxqF+un70P9GXKxa2HCNiTTMJknyjQ==",
            "license": "Apache-2.0",
            "bin": {
                "tsc": "bin/tsc",
                "tsserver": "bin/tsserver"
            },
            "engines": {
                "node": ">=4.2.0"
            }
        },
        "node_modules/@yakad/ui": {
            "version": "1.2.164-beta",
            "resolved": "https://registry.npmjs.org/@yakad/ui/-/ui-1.2.164-beta.tgz",
            "integrity": "sha512-VmbJrXDI6f/7NiLfceGDuaEXl4zjpHpS92gHy0+k1IMRtqcPAHCpEOMXR5YRm5mlTXaFYDwlCwsiF83ppvKHPQ==",
            "dependencies": {
                "@yakad/lib": "1.0.8",
                "@yakad/symbols": "1.0.4",
                "react": "18.3.1",
                "react-dom": "18.3.1"
            }
        },
        "node_modules/csstype": {
            "version": "3.1.2",
            "resolved": "https://registry.npmjs.org/csstype/-/csstype-3.1.2.tgz",
            "integrity": "sha512-I7K1Uu0MBPzaFKg4nI5Q7Vs2t+3gWWW648spaF+Rg7pI9ds18Ugn+lvg4SHczUdKlHI5LWBXyqfS8+DufyBsgQ==",
            "dev": true
        },
        "node_modules/js-tokens": {
            "version": "4.0.0",
            "resolved": "https://registry.npmjs.org/js-tokens/-/js-tokens-4.0.0.tgz",
            "integrity": "sha512-RdJUflcE3cUzKiMqQgsCu06FPu9UdIJO0beYbPhHN4k6apgJtifcoCtT9bcxOpYBtpD2kCM6Sbzg4CausW/PKQ=="
        },
        "node_modules/loose-envify": {
            "version": "1.4.0",
            "resolved": "https://registry.npmjs.org/loose-envify/-/loose-envify-1.4.0.tgz",
            "integrity": "sha512-lyuxPGr/Wfhrlem2CL/UcnUc1zcqKAImBDzukY7Y5F/yQiNdko6+fRLevlw1HgMySw7f611UIY408EtxRSoK3Q==",
            "dependencies": {
                "js-tokens": "^3.0.0 || ^4.0.0"
            },
            "bin": {
                "loose-envify": "cli.js"
            }
        },
        "node_modules/react": {
            "version": "18.3.1",
            "resolved": "https://registry.npmjs.org/react/-/react-18.3.1.tgz",
            "integrity": "sha512-wS+hAgJShR0KhEvPJArfuPVN1+Hz1t0Y6n5jLrGQbkb4urgPE/0Rve+1kMB1v/oWgHgm4WIcV+i7F2pTVj+2iQ==",
            "license": "MIT",
            "dependencies": {
                "loose-envify": "^1.1.0"
            },
            "engines": {
                "node": ">=0.10.0"
            }
        },
        "node_modules/react-dom": {
            "version": "18.3.1",
            "resolved": "https://registry.npmjs.org/react-dom/-/react-dom-18.3.1.tgz",
            "integrity": "sha512-5m4nQKp+rZRb09LNH59GM4BxTh9251/ylbKIbpe7TpGxfJ+9kv6BLkLBXIjjspbgbnIBNqlI23tRnTWT0snUIw==",
            "license": "MIT",
            "dependencies": {
                "loose-envify": "^1.1.0",
                "scheduler": "^0.23.2"
            },
            "peerDependencies": {
                "react": "^18.3.1"
            }
        },
        "node_modules/react-router": {
            "version": "6.23.1",
            "resolved": "https://registry.npmjs.org/react-router/-/react-router-6.23.1.tgz",
            "integrity": "sha512-fzcOaRF69uvqbbM7OhvQyBTFDVrrGlsFdS3AL+1KfIBtGETibHzi3FkoTRyiDJnWNc2VxrfvR+657ROHjaNjqQ==",
            "license": "MIT",
            "dependencies": {
                "@remix-run/router": "1.16.1"
            },
            "engines": {
                "node": ">=14.0.0"
            },
            "peerDependencies": {
                "react": ">=16.8"
            }
        },
        "node_modules/react-router-dom": {
            "version": "6.23.1",
            "resolved": "https://registry.npmjs.org/react-router-dom/-/react-router-dom-6.23.1.tgz",
            "integrity": "sha512-utP+K+aSTtEdbWpC+4gxhdlPFwuEfDKq8ZrPFU65bbRJY+l706qjR7yaidBpo3MSeA/fzwbXWbKBI6ftOnP3OQ==",
            "license": "MIT",
            "dependencies": {
                "@remix-run/router": "1.16.1",
                "react-router": "6.23.1"
            },
            "engines": {
                "node": ">=14.0.0"
            },
            "peerDependencies": {
                "react": ">=16.8",
                "react-dom": ">=16.8"
            }
        },
        "node_modules/scheduler": {
            "version": "0.23.2",
            "resolved": "https://registry.npmjs.org/scheduler/-/scheduler-0.23.2.tgz",
            "integrity": "sha512-UOShsPwz7NrMUqhR6t0hWjFduvOzbtv7toDH1/hIrfRNIDBnnBWd0CwJTGvTpngVlmwGCdP9/Zl/tVrDqcuYzQ==",
            "license": "MIT",
            "dependencies": {
                "loose-envify": "^1.1.0"
            }
        },
        "node_modules/typescript": {
            "version": "5.4.5",
            "resolved": "https://registry.npmjs.org/typescript/-/typescript-5.4.5.tgz",
            "integrity": "sha512-vcI4UpRgg81oIRUFwR0WSIHKt11nJ7SAVlYNIu+QpqeyXP+gpQJy/Z4+F0aGxSE4MqwjyXvW/TzgkLAx2AGHwQ==",
            "dev": true,
            "license": "Apache-2.0",
            "bin": {
                "tsc": "bin/tsc",
                "tsserver": "bin/tsserver"
            },
            "engines": {
                "node": ">=14.17"
            }
        }
    }
}
